// !$*UTF8*$!
{
	archiveVersion = 1;
	classes = {
	};
	objectVersion = 56;
	objects = {

/* Begin PBXBuildFile section */
		6D7B388B295163010034AC35 /* BaseView.swift in Sources */ = {isa = PBXBuildFile; fileRef = 6D7B388A295163000034AC35 /* BaseView.swift */; };
		6D7B388D295163BF0034AC35 /* MapView.swift in Sources */ = {isa = PBXBuildFile; fileRef = 6D7B388C295163BF0034AC35 /* MapView.swift */; };
		6D7B388F295163C80034AC35 /* ProfileView.swift in Sources */ = {isa = PBXBuildFile; fileRef = 6D7B388E295163C80034AC35 /* ProfileView.swift */; };
		6D7B3891295163D90034AC35 /* HomeView.swift in Sources */ = {isa = PBXBuildFile; fileRef = 6D7B3890295163D90034AC35 /* HomeView.swift */; };
		6D924C7C2956575700601516 /* HotlineView.swift in Sources */ = {isa = PBXBuildFile; fileRef = 6D924C7B2956575700601516 /* HotlineView.swift */; };
		6D924C802956B24500601516 /* TransportView.swift in Sources */ = {isa = PBXBuildFile; fileRef = 6D924C7F2956B24500601516 /* TransportView.swift */; };
		6DE037B3294D25E500792146 /* CommunityAppApp.swift in Sources */ = {isa = PBXBuildFile; fileRef = 6DE037B2294D25E500792146 /* CommunityAppApp.swift */; };
		6DE037B7294D25E700792146 /* Assets.xcassets in Resources */ = {isa = PBXBuildFile; fileRef = 6DE037B6294D25E700792146 /* Assets.xcassets */; };
		6DE037BA294D25E700792146 /* Preview Assets.xcassets in Resources */ = {isa = PBXBuildFile; fileRef = 6DE037B9294D25E700792146 /* Preview Assets.xcassets */; };
		6DE037C4294D25E700792146 /* CommunityAppTests.swift in Sources */ = {isa = PBXBuildFile; fileRef = 6DE037C3294D25E700792146 /* CommunityAppTests.swift */; };
		6DE037CE294D25E700792146 /* CommunityAppUITests.swift in Sources */ = {isa = PBXBuildFile; fileRef = 6DE037CD294D25E700792146 /* CommunityAppUITests.swift */; };
		6DE037D0294D25E700792146 /* CommunityAppUITestsLaunchTests.swift in Sources */ = {isa = PBXBuildFile; fileRef = 6DE037CF294D25E700792146 /* CommunityAppUITestsLaunchTests.swift */; };
		6DE037E1294D5D8300792146 /* .gitignore in Resources */ = {isa = PBXBuildFile; fileRef = 6DE037E0294D5D8300792146 /* .gitignore */; };
/* End PBXBuildFile section */

/* Begin PBXContainerItemProxy section */
		6DE037C0294D25E700792146 /* PBXContainerItemProxy */ = {
			isa = PBXContainerItemProxy;
			containerPortal = 6DE037A7294D25E500792146 /* Project object */;
			proxyType = 1;
			remoteGlobalIDString = 6DE037AE294D25E500792146;
			remoteInfo = CommunityApp;
		};
		6DE037CA294D25E700792146 /* PBXContainerItemProxy */ = {
			isa = PBXContainerItemProxy;
			containerPortal = 6DE037A7294D25E500792146 /* Project object */;
			proxyType = 1;
			remoteGlobalIDString = 6DE037AE294D25E500792146;
			remoteInfo = CommunityApp;
		};
/* End PBXContainerItemProxy section */

/* Begin PBXFileReference section */
		6D7B388A295163000034AC35 /* BaseView.swift */ = {isa = PBXFileReference; lastKnownFileType = sourcecode.swift; path = BaseView.swift; sourceTree = "<group>"; };
		6D7B388C295163BF0034AC35 /* MapView.swift */ = {isa = PBXFileReference; lastKnownFileType = sourcecode.swift; path = MapView.swift; sourceTree = "<group>"; };
		6D7B388E295163C80034AC35 /* ProfileView.swift */ = {isa = PBXFileReference; lastKnownFileType = sourcecode.swift; path = ProfileView.swift; sourceTree = "<group>"; };
		6D7B3890295163D90034AC35 /* HomeView.swift */ = {isa = PBXFileReference; lastKnownFileType = sourcecode.swift; path = HomeView.swift; sourceTree = "<group>"; tabWidth = 4; };
		6D924C7B2956575700601516 /* HotlineView.swift */ = {isa = PBXFileReference; lastKnownFileType = sourcecode.swift; path = HotlineView.swift; sourceTree = "<group>"; };
		6D924C7F2956B24500601516 /* TransportView.swift */ = {isa = PBXFileReference; lastKnownFileType = sourcecode.swift; path = TransportView.swift; sourceTree = "<group>"; };
		6DE037AF294D25E500792146 /* CommunityApp.app */ = {isa = PBXFileReference; explicitFileType = wrapper.application; includeInIndex = 0; path = CommunityApp.app; sourceTree = BUILT_PRODUCTS_DIR; };
		6DE037B2294D25E500792146 /* CommunityAppApp.swift */ = {isa = PBXFileReference; lastKnownFileType = sourcecode.swift; path = CommunityAppApp.swift; sourceTree = "<group>"; };
		6DE037B6294D25E700792146 /* Assets.xcassets */ = {isa = PBXFileReference; lastKnownFileType = folder.assetcatalog; path = Assets.xcassets; sourceTree = "<group>"; };
		6DE037B9294D25E700792146 /* Preview Assets.xcassets */ = {isa = PBXFileReference; lastKnownFileType = folder.assetcatalog; path = "Preview Assets.xcassets"; sourceTree = "<group>"; };
		6DE037BF294D25E700792146 /* CommunityAppTests.xctest */ = {isa = PBXFileReference; explicitFileType = wrapper.cfbundle; includeInIndex = 0; path = CommunityAppTests.xctest; sourceTree = BUILT_PRODUCTS_DIR; };
		6DE037C3294D25E700792146 /* CommunityAppTests.swift */ = {isa = PBXFileReference; lastKnownFileType = sourcecode.swift; path = CommunityAppTests.swift; sourceTree = "<group>"; };
		6DE037C9294D25E700792146 /* CommunityAppUITests.xctest */ = {isa = PBXFileReference; explicitFileType = wrapper.cfbundle; includeInIndex = 0; path = CommunityAppUITests.xctest; sourceTree = BUILT_PRODUCTS_DIR; };
		6DE037CD294D25E700792146 /* CommunityAppUITests.swift */ = {isa = PBXFileReference; lastKnownFileType = sourcecode.swift; path = CommunityAppUITests.swift; sourceTree = "<group>"; };
		6DE037CF294D25E700792146 /* CommunityAppUITestsLaunchTests.swift */ = {isa = PBXFileReference; lastKnownFileType = sourcecode.swift; path = CommunityAppUITestsLaunchTests.swift; sourceTree = "<group>"; };
		6DE037E0294D5D8300792146 /* .gitignore */ = {isa = PBXFileReference; lastKnownFileType = text; path = .gitignore; sourceTree = "<group>"; };
/* End PBXFileReference section */

/* Begin PBXFrameworksBuildPhase section */
		6DE037AC294D25E500792146 /* Frameworks */ = {
			isa = PBXFrameworksBuildPhase;
			buildActionMask = 2147483647;
			files = (
			);
			runOnlyForDeploymentPostprocessing = 0;
		};
		6DE037BC294D25E700792146 /* Frameworks */ = {
			isa = PBXFrameworksBuildPhase;
			buildActionMask = 2147483647;
			files = (
			);
			runOnlyForDeploymentPostprocessing = 0;
		};
		6DE037C6294D25E700792146 /* Frameworks */ = {
			isa = PBXFrameworksBuildPhase;
			buildActionMask = 2147483647;
			files = (
			);
			runOnlyForDeploymentPostprocessing = 0;
		};
/* End PBXFrameworksBuildPhase section */

/* Begin PBXGroup section */
		6DE037A6294D25E400792146 = {
			isa = PBXGroup;
			children = (
				6DE037E0294D5D8300792146 /* .gitignore */,
				6DE037B1294D25E500792146 /* CommunityApp */,
				6DE037C2294D25E700792146 /* CommunityAppTests */,
				6DE037CC294D25E700792146 /* CommunityAppUITests */,
				6DE037B0294D25E500792146 /* Products */,
			);
			sourceTree = "<group>";
		};
		6DE037B0294D25E500792146 /* Products */ = {
			isa = PBXGroup;
			children = (
				6DE037AF294D25E500792146 /* CommunityApp.app */,
				6DE037BF294D25E700792146 /* CommunityAppTests.xctest */,
				6DE037C9294D25E700792146 /* CommunityAppUITests.xctest */,
			);
			name = Products;
			sourceTree = "<group>";
		};
		6DE037B1294D25E500792146 /* CommunityApp */ = {
			isa = PBXGroup;
			children = (
				6DE037B2294D25E500792146 /* CommunityAppApp.swift */,
				6D7B388C295163BF0034AC35 /* MapView.swift */,
				6D924C7F2956B24500601516 /* TransportView.swift */,
				6D7B3890295163D90034AC35 /* HomeView.swift */,
				6D924C7B2956575700601516 /* HotlineView.swift */,
				6D7B388E295163C80034AC35 /* ProfileView.swift */,
				6D7B388A295163000034AC35 /* BaseView.swift */,
				6DE037B6294D25E700792146 /* Assets.xcassets */,
				6DE037B8294D25E700792146 /* Preview Content */,
			);
			path = CommunityApp;
			sourceTree = "<group>";
		};
		6DE037B8294D25E700792146 /* Preview Content */ = {
			isa = PBXGroup;
			children = (
				6DE037B9294D25E700792146 /* Preview Assets.xcassets */,
			);
			path = "Preview Content";
			sourceTree = "<group>";
		};
		6DE037C2294D25E700792146 /* CommunityAppTests */ = {
			isa = PBXGroup;
			children = (
				6DE037C3294D25E700792146 /* CommunityAppTests.swift */,
			);
			path = CommunityAppTests;
			sourceTree = "<group>";
		};
		6DE037CC294D25E700792146 /* CommunityAppUITests */ = {
			isa = PBXGroup;
			children = (
				6DE037CD294D25E700792146 /* CommunityAppUITests.swift */,
				6DE037CF294D25E700792146 /* CommunityAppUITestsLaunchTests.swift */,
			);
			path = CommunityAppUITests;
			sourceTree = "<group>";
		};
/* End PBXGroup section */

/* Begin PBXNativeTarget section */
		6DE037AE294D25E500792146 /* CommunityApp */ = {
			isa = PBXNativeTarget;
			buildConfigurationList = 6DE037D3294D25E700792146 /* Build configuration list for PBXNativeTarget "CommunityApp" */;
			buildPhases = (
				6DE037AB294D25E500792146 /* Sources */,
				6DE037AC294D25E500792146 /* Frameworks */,
				6DE037AD294D25E500792146 /* Resources */,
			);
			buildRules = (
			);
			dependencies = (
			);
			name = CommunityApp;
			productName = CommunityApp;
			productReference = 6DE037AF294D25E500792146 /* CommunityApp.app */;
			productType = "com.apple.product-type.application";
		};
		6DE037BE294D25E700792146 /* CommunityAppTests */ = {
			isa = PBXNativeTarget;
			buildConfigurationList = 6DE037D6294D25E700792146 /* Build configuration list for PBXNativeTarget "CommunityAppTests" */;
			buildPhases = (
				6DE037BB294D25E700792146 /* Sources */,
				6DE037BC294D25E700792146 /* Frameworks */,
				6DE037BD294D25E700792146 /* Resources */,
			);
			buildRules = (
			);
			dependencies = (
				6DE037C1294D25E700792146 /* PBXTargetDependency */,
			);
			name = CommunityAppTests;
			productName = CommunityAppTests;
			productReference = 6DE037BF294D25E700792146 /* CommunityAppTests.xctest */;
			productType = "com.apple.product-type.bundle.unit-test";
		};
		6DE037C8294D25E700792146 /* CommunityAppUITests */ = {
			isa = PBXNativeTarget;
			buildConfigurationList = 6DE037D9294D25E700792146 /* Build configuration list for PBXNativeTarget "CommunityAppUITests" */;
			buildPhases = (
				6DE037C5294D25E700792146 /* Sources */,
				6DE037C6294D25E700792146 /* Frameworks */,
				6DE037C7294D25E700792146 /* Resources */,
			);
			buildRules = (
			);
			dependencies = (
				6DE037CB294D25E700792146 /* PBXTargetDependency */,
			);
			name = CommunityAppUITests;
			productName = CommunityAppUITests;
			productReference = 6DE037C9294D25E700792146 /* CommunityAppUITests.xctest */;
			productType = "com.apple.product-type.bundle.ui-testing";
		};
/* End PBXNativeTarget section */

/* Begin PBXProject section */
		6DE037A7294D25E500792146 /* Project object */ = {
			isa = PBXProject;
			attributes = {
				BuildIndependentTargetsInParallel = 1;
				LastSwiftUpdateCheck = 1420;
				LastUpgradeCheck = 1420;
				TargetAttributes = {
					6DE037AE294D25E500792146 = {
						CreatedOnToolsVersion = 14.2;
					};
					6DE037BE294D25E700792146 = {
						CreatedOnToolsVersion = 14.2;
						TestTargetID = 6DE037AE294D25E500792146;
					};
					6DE037C8294D25E700792146 = {
						CreatedOnToolsVersion = 14.2;
						TestTargetID = 6DE037AE294D25E500792146;
					};
				};
			};
			buildConfigurationList = 6DE037AA294D25E500792146 /* Build configuration list for PBXProject "CommunityApp" */;
			compatibilityVersion = "Xcode 14.0";
			developmentRegion = en;
			hasScannedForEncodings = 0;
			knownRegions = (
				en,
				Base,
			);
			mainGroup = 6DE037A6294D25E400792146;
			productRefGroup = 6DE037B0294D25E500792146 /* Products */;
			projectDirPath = "";
			projectRoot = "";
			targets = (
				6DE037AE294D25E500792146 /* CommunityApp */,
				6DE037BE294D25E700792146 /* CommunityAppTests */,
				6DE037C8294D25E700792146 /* CommunityAppUITests */,
			);
		};
/* End PBXProject section */

/* Begin PBXResourcesBuildPhase section */
		6DE037AD294D25E500792146 /* Resources */ = {
			isa = PBXResourcesBuildPhase;
			buildActionMask = 2147483647;
			files = (
				6DE037BA294D25E700792146 /* Preview Assets.xcassets in Resources */,
				6DE037E1294D5D8300792146 /* .gitignore in Resources */,
				6DE037B7294D25E700792146 /* Assets.xcassets in Resources */,
			);
			runOnlyForDeploymentPostprocessing = 0;
		};
		6DE037BD294D25E700792146 /* Resources */ = {
			isa = PBXResourcesBuildPhase;
			buildActionMask = 2147483647;
			files = (
			);
			runOnlyForDeploymentPostprocessing = 0;
		};
		6DE037C7294D25E700792146 /* Resources */ = {
			isa = PBXResourcesBuildPhase;
			buildActionMask = 2147483647;
			files = (
			);
			runOnlyForDeploymentPostprocessing = 0;
		};
/* End PBXResourcesBuildPhase section */

/* Begin PBXSourcesBuildPhase section */
		6DE037AB294D25E500792146 /* Sources */ = {
			isa = PBXSourcesBuildPhase;
			buildActionMask = 2147483647;
			files = (
				6D924C7C2956575700601516 /* HotlineView.swift in Sources */,
				6D924C802956B24500601516 /* TransportView.swift in Sources */,
				6D7B3891295163D90034AC35 /* HomeView.swift in Sources */,
				6D7B388B295163010034AC35 /* BaseView.swift in Sources */,
				6D7B388D295163BF0034AC35 /* MapView.swift in Sources */,
				6D7B388F295163C80034AC35 /* ProfileView.swift in Sources */,
				6DE037B3294D25E500792146 /* CommunityAppApp.swift in Sources */,
			);
			runOnlyForDeploymentPostprocessing = 0;
		};
		6DE037BB294D25E700792146 /* Sources */ = {
			isa = PBXSourcesBuildPhase;
			buildActionMask = 2147483647;
			files = (
				6DE037C4294D25E700792146 /* CommunityAppTests.swift in Sources */,
			);
			runOnlyForDeploymentPostprocessing = 0;
		};
		6DE037C5294D25E700792146 /* Sources */ = {
			isa = PBXSourcesBuildPhase;
			buildActionMask = 2147483647;
			files = (
				6DE037D0294D25E700792146 /* CommunityAppUITestsLaunchTests.swift in Sources */,
				6DE037CE294D25E700792146 /* CommunityAppUITests.swift in Sources */,
			);
			runOnlyForDeploymentPostprocessing = 0;
		};
/* End PBXSourcesBuildPhase section */

/* Begin PBXTargetDependency section */
		6DE037C1294D25E700792146 /* PBXTargetDependency */ = {
			isa = PBXTargetDependency;
			target = 6DE037AE294D25E500792146 /* CommunityApp */;
			targetProxy = 6DE037C0294D25E700792146 /* PBXContainerItemProxy */;
		};
		6DE037CB294D25E700792146 /* PBXTargetDependency */ = {
			isa = PBXTargetDependency;
			target = 6DE037AE294D25E500792146 /* CommunityApp */;
			targetProxy = 6DE037CA294D25E700792146 /* PBXContainerItemProxy */;
		};
/* End PBXTargetDependency section */

/* Begin XCBuildConfiguration section */
		6DE037D1294D25E700792146 /* Debug */ = {
			isa = XCBuildConfiguration;
			buildSettings = {
				ALWAYS_SEARCH_USER_PATHS = NO;
				CLANG_ANALYZER_NONNULL = YES;
				CLANG_ANALYZER_NUMBER_OBJECT_CONVERSION = YES_AGGRESSIVE;
				CLANG_CXX_LANGUAGE_STANDARD = "gnu++20";
				CLANG_ENABLE_MODULES = YES;
				CLANG_ENABLE_OBJC_ARC = YES;
				CLANG_ENABLE_OBJC_WEAK = YES;
				CLANG_WARN_BLOCK_CAPTURE_AUTORELEASING = YES;
				CLANG_WARN_BOOL_CONVERSION = YES;
				CLANG_WARN_COMMA = YES;
				CLANG_WARN_CONSTANT_CONVERSION = YES;
				CLANG_WARN_DEPRECATED_OBJC_IMPLEMENTATIONS = YES;
				CLANG_WARN_DIRECT_OBJC_ISA_USAGE = YES_ERROR;
				CLANG_WARN_DOCUMENTATION_COMMENTS = YES;
				CLANG_WARN_EMPTY_BODY = YES;
				CLANG_WARN_ENUM_CONVERSION = YES;
				CLANG_WARN_INFINITE_RECURSION = YES;
				CLANG_WARN_INT_CONVERSION = YES;
				CLANG_WARN_NON_LITERAL_NULL_CONVERSION = YES;
				CLANG_WARN_OBJC_IMPLICIT_RETAIN_SELF = YES;
				CLANG_WARN_OBJC_LITERAL_CONVERSION = YES;
				CLANG_WARN_OBJC_ROOT_CLASS = YES_ERROR;
				CLANG_WARN_QUOTED_INCLUDE_IN_FRAMEWORK_HEADER = YES;
				CLANG_WARN_RANGE_LOOP_ANALYSIS = YES;
				CLANG_WARN_STRICT_PROTOTYPES = YES;
				CLANG_WARN_SUSPICIOUS_MOVE = YES;
				CLANG_WARN_UNGUARDED_AVAILABILITY = YES_AGGRESSIVE;
				CLANG_WARN_UNREACHABLE_CODE = YES;
				CLANG_WARN__DUPLICATE_METHOD_MATCH = YES;
				COPY_PHASE_STRIP = NO;
				DEBUG_INFORMATION_FORMAT = dwarf;
				ENABLE_STRICT_OBJC_MSGSEND = YES;
				ENABLE_TESTABILITY = YES;
				GCC_C_LANGUAGE_STANDARD = gnu11;
				GCC_DYNAMIC_NO_PIC = NO;
				GCC_NO_COMMON_BLOCKS = YES;
				GCC_OPTIMIZATION_LEVEL = 0;
				GCC_PREPROCESSOR_DEFINITIONS = (
					"DEBUG=1",
					"$(inherited)",
				);
				GCC_WARN_64_TO_32_BIT_CONVERSION = YES;
				GCC_WARN_ABOUT_RETURN_TYPE = YES_ERROR;
				GCC_WARN_UNDECLARED_SELECTOR = YES;
				GCC_WARN_UNINITIALIZED_AUTOS = YES_AGGRESSIVE;
				GCC_WARN_UNUSED_FUNCTION = YES;
				GCC_WARN_UNUSED_VARIABLE = YES;
				IPHONEOS_DEPLOYMENT_TARGET = 16.2;
				MTL_ENABLE_DEBUG_INFO = INCLUDE_SOURCE;
				MTL_FAST_MATH = YES;
				ONLY_ACTIVE_ARCH = YES;
				SDKROOT = iphoneos;
				SWIFT_ACTIVE_COMPILATION_CONDITIONS = DEBUG;
				SWIFT_OPTIMIZATION_LEVEL = "-Onone";
			};
			name = Debug;
		};
		6DE037D2294D25E700792146 /* Release */ = {
			isa = XCBuildConfiguration;
			buildSettings = {
				ALWAYS_SEARCH_USER_PATHS = NO;
				CLANG_ANALYZER_NONNULL = YES;
				CLANG_ANALYZER_NUMBER_OBJECT_CONVERSION = YES_AGGRESSIVE;
				CLANG_CXX_LANGUAGE_STANDARD = "gnu++20";
				CLANG_ENABLE_MODULES = YES;
				CLANG_ENABLE_OBJC_ARC = YES;
				CLANG_ENABLE_OBJC_WEAK = YES;
				CLANG_WARN_BLOCK_CAPTURE_AUTORELEASING = YES;
				CLANG_WARN_BOOL_CONVERSION = YES;
				CLANG_WARN_COMMA = YES;
				CLANG_WARN_CONSTANT_CONVERSION = YES;
				CLANG_WARN_DEPRECATED_OBJC_IMPLEMENTATIONS = YES;
				CLANG_WARN_DIRECT_OBJC_ISA_USAGE = YES_ERROR;
				CLANG_WARN_DOCUMENTATION_COMMENTS = YES;
				CLANG_WARN_EMPTY_BODY = YES;
				CLANG_WARN_ENUM_CONVERSION = YES;
				CLANG_WARN_INFINITE_RECURSION = YES;
				CLANG_WARN_INT_CONVERSION = YES;
				CLANG_WARN_NON_LITERAL_NULL_CONVERSION = YES;
				CLANG_WARN_OBJC_IMPLICIT_RETAIN_SELF = YES;
				CLANG_WARN_OBJC_LITERAL_CONVERSION = YES;
				CLANG_WARN_OBJC_ROOT_CLASS = YES_ERROR;
				CLANG_WARN_QUOTED_INCLUDE_IN_FRAMEWORK_HEADER = YES;
				CLANG_WARN_RANGE_LOOP_ANALYSIS = YES;
				CLANG_WARN_STRICT_PROTOTYPES = YES;
				CLANG_WARN_SUSPICIOUS_MOVE = YES;
				CLANG_WARN_UNGUARDED_AVAILABILITY = YES_AGGRESSIVE;
				CLANG_WARN_UNREACHABLE_CODE = YES;
				CLANG_WARN__DUPLICATE_METHOD_MATCH = YES;
				COPY_PHASE_STRIP = NO;
				DEBUG_INFORMATION_FORMAT = "dwarf-with-dsym";
				ENABLE_NS_ASSERTIONS = NO;
				ENABLE_STRICT_OBJC_MSGSEND = YES;
				GCC_C_LANGUAGE_STANDARD = gnu11;
				GCC_NO_COMMON_BLOCKS = YES;
				GCC_WARN_64_TO_32_BIT_CONVERSION = YES;
				GCC_WARN_ABOUT_RETURN_TYPE = YES_ERROR;
				GCC_WARN_UNDECLARED_SELECTOR = YES;
				GCC_WARN_UNINITIALIZED_AUTOS = YES_AGGRESSIVE;
				GCC_WARN_UNUSED_FUNCTION = YES;
				GCC_WARN_UNUSED_VARIABLE = YES;
				IPHONEOS_DEPLOYMENT_TARGET = 16.2;
				MTL_ENABLE_DEBUG_INFO = NO;
				MTL_FAST_MATH = YES;
				SDKROOT = iphoneos;
				SWIFT_COMPILATION_MODE = wholemodule;
				SWIFT_OPTIMIZATION_LEVEL = "-O";
				VALIDATE_PRODUCT = YES;
			};
			name = Release;
		};
		6DE037D4294D25E700792146 /* Debug */ = {
			isa = XCBuildConfiguration;
			buildSettings = {
				ASSETCATALOG_COMPILER_APPICON_NAME = AppIcon;
				ASSETCATALOG_COMPILER_GLOBAL_ACCENT_COLOR_NAME = AccentColor;
				CODE_SIGN_STYLE = Automatic;
				CURRENT_PROJECT_VERSION = 1;
				DEVELOPMENT_ASSET_PATHS = "\"CommunityApp/Preview Content\"";
				DEVELOPMENT_TEAM = G56G532A9M;
				ENABLE_PREVIEWS = YES;
				GENERATE_INFOPLIST_FILE = YES;
				INFOPLIST_KEY_UIApplicationSceneManifest_Generation = YES;
				INFOPLIST_KEY_UIApplicationSupportsIndirectInputEvents = YES;
				INFOPLIST_KEY_UILaunchScreen_Generation = YES;
				INFOPLIST_KEY_UISupportedInterfaceOrientations_iPad = "UIInterfaceOrientationPortrait UIInterfaceOrientationPortraitUpsideDown UIInterfaceOrientationLandscapeLeft UIInterfaceOrientationLandscapeRight";
				INFOPLIST_KEY_UISupportedInterfaceOrientations_iPhone = "UIInterfaceOrientationPortrait UIInterfaceOrientationLandscapeLeft UIInterfaceOrientationLandscapeRight";
				LD_RUNPATH_SEARCH_PATHS = (
					"$(inherited)",
					"@executable_path/Frameworks",
				);
				MARKETING_VERSION = 1.0;
				PRODUCT_BUNDLE_IDENTIFIER = Lo.CommunityApp;
				PRODUCT_NAME = "$(TARGET_NAME)";
				SWIFT_EMIT_LOC_STRINGS = YES;
				SWIFT_VERSION = 5.0;
				TARGETED_DEVICE_FAMILY = "1,2";
			};
			name = Debug;
		};
		6DE037D5294D25E700792146 /* Release */ = {
			isa = XCBuildConfiguration;
			buildSettings = {
				ASSETCATALOG_COMPILER_APPICON_NAME = AppIcon;
				ASSETCATALOG_COMPILER_GLOBAL_ACCENT_COLOR_NAME = AccentColor;
				CODE_SIGN_STYLE = Automatic;
				CURRENT_PROJECT_VERSION = 1;
				DEVELOPMENT_ASSET_PATHS = "\"CommunityApp/Preview Content\"";
				DEVELOPMENT_TEAM = G56G532A9M;
				ENABLE_PREVIEWS = YES;
				GENERATE_INFOPLIST_FILE = YES;
				INFOPLIST_KEY_UIApplicationSceneManifest_Generation = YES;
				INFOPLIST_KEY_UIApplicationSupportsIndirectInputEvents = YES;
				INFOPLIST_KEY_UILaunchScreen_Generation = YES;
				INFOPLIST_KEY_UISupportedInterfaceOrientations_iPad = "UIInterfaceOrientationPortrait UIInterfaceOrientationPortraitUpsideDown UIInterfaceOrientationLandscapeLeft UIInterfaceOrientationLandscapeRight";
				INFOPLIST_KEY_UISupportedInterfaceOrientations_iPhone = "UIInterfaceOrientationPortrait UIInterfaceOrientationLandscapeLeft UIInterfaceOrientationLandscapeRight";
				LD_RUNPATH_SEARCH_PATHS = (
					"$(inherited)",
					"@executable_path/Frameworks",
				);
				MARKETING_VERSION = 1.0;
				PRODUCT_BUNDLE_IDENTIFIER = Lo.CommunityApp;
				PRODUCT_NAME = "$(TARGET_NAME)";
				SWIFT_EMIT_LOC_STRINGS = YES;
				SWIFT_VERSION = 5.0;
				TARGETED_DEVICE_FAMILY = "1,2";
			};
			name = Release;
		};
		6DE037D7294D25E700792146 /* Debug */ = {
			isa = XCBuildConfiguration;
			buildSettings = {
				ALWAYS_EMBED_SWIFT_STANDARD_LIBRARIES = YES;
				BUNDLE_LOADER = "$(TEST_HOST)";
				CODE_SIGN_STYLE = Automatic;
				CURRENT_PROJECT_VERSION = 1;
				DEVELOPMENT_TEAM = G56G532A9M;
				GENERATE_INFOPLIST_FILE = YES;
				IPHONEOS_DEPLOYMENT_TARGET = 16.2;
				MARKETING_VERSION = 1.0;
				PRODUCT_BUNDLE_IDENTIFIER = Lo.CommunityAppTests;
				PRODUCT_NAME = "$(TARGET_NAME)";
				SWIFT_EMIT_LOC_STRINGS = NO;
				SWIFT_VERSION = 5.0;
				TARGETED_DEVICE_FAMILY = "1,2";
				TEST_HOST = "$(BUILT_PRODUCTS_DIR)/CommunityApp.app/$(BUNDLE_EXECUTABLE_FOLDER_PATH)/CommunityApp";
			};
			name = Debug;
		};
		6DE037D8294D25E700792146 /* Release */ = {
			isa = XCBuildConfiguration;
			buildSettings = {
				ALWAYS_EMBED_SWIFT_STANDARD_LIBRARIES = YES;
				BUNDLE_LOADER = "$(TEST_HOST)";
				CODE_SIGN_STYLE = Automatic;
				CURRENT_PROJECT_VERSION = 1;
				DEVELOPMENT_TEAM = G56G532A9M;
				GENERATE_INFOPLIST_FILE = YES;
				IPHONEOS_DEPLOYMENT_TARGET = 16.2;
				MARKETING_VERSION = 1.0;
				PRODUCT_BUNDLE_IDENTIFIER = Lo.CommunityAppTests;
				PRODUCT_NAME = "$(TARGET_NAME)";
				SWIFT_EMIT_LOC_STRINGS = NO;
				SWIFT_VERSION = 5.0;
				TARGETED_DEVICE_FAMILY = "1,2";
				TEST_HOST = "$(BUILT_PRODUCTS_DIR)/CommunityApp.app/$(BUNDLE_EXECUTABLE_FOLDER_PATH)/CommunityApp";
			};
			name = Release;
		};
		6DE037DA294D25E700792146 /* Debug */ = {
			isa = XCBuildConfiguration;
			buildSettings = {
				ALWAYS_EMBED_SWIFT_STANDARD_LIBRARIES = YES;
				CODE_SIGN_STYLE = Automatic;
				CURRENT_PROJECT_VERSION = 1;
				GENERATE_INFOPLIST_FILE = YES;
				MARKETING_VERSION = 1.0;
				PRODUCT_BUNDLE_IDENTIFIER = Lo.CommunityAppUITests;
				PRODUCT_NAME = "$(TARGET_NAME)";
				SWIFT_EMIT_LOC_STRINGS = NO;
				SWIFT_VERSION = 5.0;
				TARGETED_DEVICE_FAMILY = "1,2";
				TEST_TARGET_NAME = CommunityApp;
			};
			name = Debug;
		};
		6DE037DB294D25E700792146 /* Release */ = {
			isa = XCBuildConfiguration;
			buildSettings = {
				ALWAYS_EMBED_SWIFT_STANDARD_LIBRARIES = YES;
				CODE_SIGN_STYLE = Automatic;
				CURRENT_PROJECT_VERSION = 1;
				GENERATE_INFOPLIST_FILE = YES;
				MARKETING_VERSION = 1.0;
				PRODUCT_BUNDLE_IDENTIFIER = Lo.CommunityAppUITests;
				PRODUCT_NAME = "$(TARGET_NAME)";
				SWIFT_EMIT_LOC_STRINGS = NO;
				SWIFT_VERSION = 5.0;
				TARGETED_DEVICE_FAMILY = "1,2";
				TEST_TARGET_NAME = CommunityApp;
			};
			name = Release;
		};
/* End XCBuildConfiguration section */

/* Begin XCConfigurationList section */
		6DE037AA294D25E500792146 /* Build configuration list for PBXProject "CommunityApp" */ = {
			isa = XCConfigurationList;
			buildConfigurations = (
				6DE037D1294D25E700792146 /* Debug */,
				6DE037D2294D25E700792146 /* Release */,
			);
			defaultConfigurationIsVisible = 0;
			defaultConfigurationName = Release;
		};
		6DE037D3294D25E700792146 /* Build configuration list for PBXNativeTarget "CommunityApp" */ = {
			isa = XCConfigurationList;
			buildConfigurations = (
				6DE037D4294D25E700792146 /* Debug */,
				6DE037D5294D25E700792146 /* Release */,
			);
			defaultConfigurationIsVisible = 0;
			defaultConfigurationName = Release;
		};
		6DE037D6294D25E700792146 /* Build configuration list for PBXNativeTarget "CommunityAppTests" */ = {
			isa = XCConfigurationList;
			buildConfigurations = (
				6DE037D7294D25E700792146 /* Debug */,
				6DE037D8294D25E700792146 /* Release */,
			);
			defaultConfigurationIsVisible = 0;
			defaultConfigurationName = Release;
		};
		6DE037D9294D25E700792146 /* Build configuration list for PBXNativeTarget "CommunityAppUITests" */ = {
			isa = XCConfigurationList;
			buildConfigurations = (
				6DE037DA294D25E700792146 /* Debug */,
				6DE037DB294D25E700792146 /* Release */,
			);
			defaultConfigurationIsVisible = 0;
			defaultConfigurationName = Release;
		};
/* End XCConfigurationList section */
	};
	rootObject = 6DE037A7294D25E500792146 /* Project object */;
}
